// !$*UTF8*$!
{
	archiveVersion = 1;
	classes = {
	};
	objectVersion = 56;
	objects = {

/* Begin PBXBuildFile section */
		FD9AAE3E2AE675A500A8A4F2 /* CaptureApp.swift in Sources */ = {isa = PBXBuildFile; fileRef = FD9AAE3D2AE675A500A8A4F2 /* CaptureApp.swift */; };
		FD9AAE402AE675A500A8A4F2 /* CaptureSelectionView.swift in Sources */ = {isa = PBXBuildFile; fileRef = FD9AAE3F2AE675A500A8A4F2 /* CaptureSelectionView.swift */; };
		FD9AAE422AE675A600A8A4F2 /* Assets.xcassets in Resources */ = {isa = PBXBuildFile; fileRef = FD9AAE412AE675A600A8A4F2 /* Assets.xcassets */; };
		FD9AAE462AE675A600A8A4F2 /* Preview Assets.xcassets in Resources */ = {isa = PBXBuildFile; fileRef = FD9AAE452AE675A600A8A4F2 /* Preview Assets.xcassets */; };
		FD9AAE572AE7D9F000A8A4F2 /* Camera.swift in Sources */ = {isa = PBXBuildFile; fileRef = FD9AAE562AE7D9F000A8A4F2 /* Camera.swift */; };
		FD9AAE592AE7DFFD00A8A4F2 /* PreviewCameraView.swift in Sources */ = {isa = PBXBuildFile; fileRef = FD9AAE582AE7DFFD00A8A4F2 /* PreviewCameraView.swift */; };
		FD9AAE5B2AE7E29000A8A4F2 /* CustomCameraView.swift in Sources */ = {isa = PBXBuildFile; fileRef = FD9AAE5A2AE7E29000A8A4F2 /* CustomCameraView.swift */; };
/* End PBXBuildFile section */

/* Begin PBXFileReference section */
		FD9AAE3A2AE675A500A8A4F2 /* Capture.app */ = {isa = PBXFileReference; explicitFileType = wrapper.application; includeInIndex = 0; path = Capture.app; sourceTree = BUILT_PRODUCTS_DIR; };
		FD9AAE3D2AE675A500A8A4F2 /* CaptureApp.swift */ = {isa = PBXFileReference; lastKnownFileType = sourcecode.swift; path = CaptureApp.swift; sourceTree = "<group>"; };
		FD9AAE3F2AE675A500A8A4F2 /* CaptureSelectionView.swift */ = {isa = PBXFileReference; lastKnownFileType = sourcecode.swift; path = CaptureSelectionView.swift; sourceTree = "<group>"; };
		FD9AAE412AE675A600A8A4F2 /* Assets.xcassets */ = {isa = PBXFileReference; lastKnownFileType = folder.assetcatalog; path = Assets.xcassets; sourceTree = "<group>"; };
		FD9AAE432AE675A600A8A4F2 /* Capture.entitlements */ = {isa = PBXFileReference; lastKnownFileType = text.plist.entitlements; path = Capture.entitlements; sourceTree = "<group>"; };
		FD9AAE452AE675A600A8A4F2 /* Preview Assets.xcassets */ = {isa = PBXFileReference; lastKnownFileType = folder.assetcatalog; path = "Preview Assets.xcassets"; sourceTree = "<group>"; };
		FD9AAE552AE690BA00A8A4F2 /* Info.plist */ = {isa = PBXFileReference; lastKnownFileType = text.plist; path = Info.plist; sourceTree = "<group>"; };
		FD9AAE562AE7D9F000A8A4F2 /* Camera.swift */ = {isa = PBXFileReference; lastKnownFileType = sourcecode.swift; path = Camera.swift; sourceTree = "<group>"; };
		FD9AAE582AE7DFFD00A8A4F2 /* PreviewCameraView.swift */ = {isa = PBXFileReference; lastKnownFileType = sourcecode.swift; path = PreviewCameraView.swift; sourceTree = "<group>"; };
		FD9AAE5A2AE7E29000A8A4F2 /* CustomCameraView.swift */ = {isa = PBXFileReference; lastKnownFileType = sourcecode.swift; path = CustomCameraView.swift; sourceTree = "<group>"; };
/* End PBXFileReference section */

/* Begin PBXFrameworksBuildPhase section */
		FD9AAE372AE675A500A8A4F2 /* Frameworks */ = {
			isa = PBXFrameworksBuildPhase;
			buildActionMask = 2147483647;
			files = (
			);
			runOnlyForDeploymentPostprocessing = 0;
		};
/* End PBXFrameworksBuildPhase section */

/* Begin PBXGroup section */
		FD9AAE312AE675A500A8A4F2 = {
			isa = PBXGroup;
			children = (
				FD9AAE3C2AE675A500A8A4F2 /* Capture */,
				FD9AAE3B2AE675A500A8A4F2 /* Products */,
			);
			sourceTree = "<group>";
		};
		FD9AAE3B2AE675A500A8A4F2 /* Products */ = {
			isa = PBXGroup;
			children = (
				FD9AAE3A2AE675A500A8A4F2 /* Capture.app */,
			);
			name = Products;
			sourceTree = "<group>";
		};
		FD9AAE3C2AE675A500A8A4F2 /* Capture */ = {
			isa = PBXGroup;
			children = (
				FD9AAE552AE690BA00A8A4F2 /* Info.plist */,
				FD9AAE4C2AE675D500A8A4F2 /* App */,
				FD9AAE4E2AE6762700A8A4F2 /* Models */,
				FD9AAE4D2AE6761B00A8A4F2 /* Screens */,
				FD9AAE4F2AE678B400A8A4F2 /* ViewModels */,
				FD9AAE432AE675A600A8A4F2 /* Capture.entitlements */,
				FD9AAE442AE675A600A8A4F2 /* Preview Content */,
			);
			path = Capture;
			sourceTree = "<group>";
		};
		FD9AAE442AE675A600A8A4F2 /* Preview Content */ = {
			isa = PBXGroup;
			children = (
				FD9AAE452AE675A600A8A4F2 /* Preview Assets.xcassets */,
			);
			path = "Preview Content";
			sourceTree = "<group>";
		};
		FD9AAE4C2AE675D500A8A4F2 /* App */ = {
			isa = PBXGroup;
			children = (
				FD9AAE412AE675A600A8A4F2 /* Assets.xcassets */,
				FD9AAE3D2AE675A500A8A4F2 /* CaptureApp.swift */,
			);
			path = App;
			sourceTree = "<group>";
		};
		FD9AAE4D2AE6761B00A8A4F2 /* Screens */ = {
			isa = PBXGroup;
			children = (
				FD9AAE3F2AE675A500A8A4F2 /* CaptureSelectionView.swift */,
				FD9AAE582AE7DFFD00A8A4F2 /* PreviewCameraView.swift */,
				FD9AAE5A2AE7E29000A8A4F2 /* CustomCameraView.swift */,
			);
			path = Screens;
			sourceTree = "<group>";
		};
		FD9AAE4E2AE6762700A8A4F2 /* Models */ = {
			isa = PBXGroup;
			children = (
			);
			path = Models;
			sourceTree = "<group>";
		};
		FD9AAE4F2AE678B400A8A4F2 /* ViewModels */ = {
			isa = PBXGroup;
			children = (
				FD9AAE562AE7D9F000A8A4F2 /* Camera.swift */,
			);
			path = ViewModels;
			sourceTree = "<group>";
		};
/* End PBXGroup section */

/* Begin PBXNativeTarget section */
		FD9AAE392AE675A500A8A4F2 /* Capture */ = {
			isa = PBXNativeTarget;
			buildConfigurationList = FD9AAE492AE675A600A8A4F2 /* Build configuration list for PBXNativeTarget "Capture" */;
			buildPhases = (
				FD9AAE362AE675A500A8A4F2 /* Sources */,
				FD9AAE372AE675A500A8A4F2 /* Frameworks */,
				FD9AAE382AE675A500A8A4F2 /* Resources */,
			);
			buildRules = (
			);
			dependencies = (
			);
			name = Capture;
			productName = Capture;
			productReference = FD9AAE3A2AE675A500A8A4F2 /* Capture.app */;
			productType = "com.apple.product-type.application";
		};
/* End PBXNativeTarget section */

/* Begin PBXProject section */
		FD9AAE322AE675A500A8A4F2 /* Project object */ = {
			isa = PBXProject;
			attributes = {
				BuildIndependentTargetsInParallel = 1;
				LastSwiftUpdateCheck = 1500;
				LastUpgradeCheck = 1500;
				TargetAttributes = {
					FD9AAE392AE675A500A8A4F2 = {
						CreatedOnToolsVersion = 15.0.1;
					};
				};
			};
			buildConfigurationList = FD9AAE352AE675A500A8A4F2 /* Build configuration list for PBXProject "Capture" */;
			compatibilityVersion = "Xcode 14.0";
			developmentRegion = en;
			hasScannedForEncodings = 0;
			knownRegions = (
				en,
				Base,
			);
			mainGroup = FD9AAE312AE675A500A8A4F2;
			productRefGroup = FD9AAE3B2AE675A500A8A4F2 /* Products */;
			projectDirPath = "";
			projectRoot = "";
			targets = (
				FD9AAE392AE675A500A8A4F2 /* Capture */,
			);
		};
/* End PBXProject section */

/* Begin PBXResourcesBuildPhase section */
		FD9AAE382AE675A500A8A4F2 /* Resources */ = {
			isa = PBXResourcesBuildPhase;
			buildActionMask = 2147483647;
			files = (
				FD9AAE462AE675A600A8A4F2 /* Preview Assets.xcassets in Resources */,
				FD9AAE422AE675A600A8A4F2 /* Assets.xcassets in Resources */,
			);
			runOnlyForDeploymentPostprocessing = 0;
		};
/* End PBXResourcesBuildPhase section */

/* Begin PBXSourcesBuildPhase section */
		FD9AAE362AE675A500A8A4F2 /* Sources */ = {
			isa = PBXSourcesBuildPhase;
			buildActionMask = 2147483647;
			files = (
				FD9AAE572AE7D9F000A8A4F2 /* Camera.swift in Sources */,
				FD9AAE402AE675A500A8A4F2 /* CaptureSelectionView.swift in Sources */,
				FD9AAE592AE7DFFD00A8A4F2 /* PreviewCameraView.swift in Sources */,
				FD9AAE3E2AE675A500A8A4F2 /* CaptureApp.swift in Sources */,
				FD9AAE5B2AE7E29000A8A4F2 /* CustomCameraView.swift in Sources */,
			);
			runOnlyForDeploymentPostprocessing = 0;
		};
/* End PBXSourcesBuildPhase section */

/* Begin XCBuildConfiguration section */
		FD9AAE472AE675A600A8A4F2 /* Debug */ = {
			isa = XCBuildConfiguration;
			buildSettings = {
				ALWAYS_SEARCH_USER_PATHS = NO;
				ASSETCATALOG_COMPILER_GENERATE_SWIFT_ASSET_SYMBOL_EXTENSIONS = YES;
				CLANG_ANALYZER_NONNULL = YES;
				CLANG_ANALYZER_NUMBER_OBJECT_CONVERSION = YES_AGGRESSIVE;
				CLANG_CXX_LANGUAGE_STANDARD = "gnu++20";
				CLANG_ENABLE_MODULES = YES;
				CLANG_ENABLE_OBJC_ARC = YES;
				CLANG_ENABLE_OBJC_WEAK = YES;
				CLANG_WARN_BLOCK_CAPTURE_AUTORELEASING = YES;
				CLANG_WARN_BOOL_CONVERSION = YES;
				CLANG_WARN_COMMA = YES;
				CLANG_WARN_CONSTANT_CONVERSION = YES;
				CLANG_WARN_DEPRECATED_OBJC_IMPLEMENTATIONS = YES;
				CLANG_WARN_DIRECT_OBJC_ISA_USAGE = YES_ERROR;
				CLANG_WARN_DOCUMENTATION_COMMENTS = YES;
				CLANG_WARN_EMPTY_BODY = YES;
				CLANG_WARN_ENUM_CONVERSION = YES;
				CLANG_WARN_INFINITE_RECURSION = YES;
				CLANG_WARN_INT_CONVERSION = YES;
				CLANG_WARN_NON_LITERAL_NULL_CONVERSION = YES;
				CLANG_WARN_OBJC_IMPLICIT_RETAIN_SELF = YES;
				CLANG_WARN_OBJC_LITERAL_CONVERSION = YES;
				CLANG_WARN_OBJC_ROOT_CLASS = YES_ERROR;
				CLANG_WARN_QUOTED_INCLUDE_IN_FRAMEWORK_HEADER = YES;
				CLANG_WARN_RANGE_LOOP_ANALYSIS = YES;
				CLANG_WARN_STRICT_PROTOTYPES = YES;
				CLANG_WARN_SUSPICIOUS_MOVE = YES;
				CLANG_WARN_UNGUARDED_AVAILABILITY = YES_AGGRESSIVE;
				CLANG_WARN_UNREACHABLE_CODE = YES;
				CLANG_WARN__DUPLICATE_METHOD_MATCH = YES;
				COPY_PHASE_STRIP = NO;
				DEBUG_INFORMATION_FORMAT = dwarf;
				ENABLE_STRICT_OBJC_MSGSEND = YES;
				ENABLE_TESTABILITY = YES;
				ENABLE_USER_SCRIPT_SANDBOXING = YES;
				GCC_C_LANGUAGE_STANDARD = gnu17;
				GCC_DYNAMIC_NO_PIC = NO;
				GCC_NO_COMMON_BLOCKS = YES;
				GCC_OPTIMIZATION_LEVEL = 0;
				GCC_PREPROCESSOR_DEFINITIONS = (
					"DEBUG=1",
					"$(inherited)",
				);
				GCC_WARN_64_TO_32_BIT_CONVERSION = YES;
				GCC_WARN_ABOUT_RETURN_TYPE = YES_ERROR;
				GCC_WARN_UNDECLARED_SELECTOR = YES;
				GCC_WARN_UNINITIALIZED_AUTOS = YES_AGGRESSIVE;
				GCC_WARN_UNUSED_FUNCTION = YES;
				GCC_WARN_UNUSED_VARIABLE = YES;
				LOCALIZATION_PREFERS_STRING_CATALOGS = YES;
				MTL_ENABLE_DEBUG_INFO = INCLUDE_SOURCE;
				MTL_FAST_MATH = YES;
				ONLY_ACTIVE_ARCH = YES;
				SWIFT_ACTIVE_COMPILATION_CONDITIONS = "DEBUG $(inherited)";
				SWIFT_OPTIMIZATION_LEVEL = "-Onone";
			};
			name = Debug;
		};
		FD9AAE482AE675A600A8A4F2 /* Release */ = {
			isa = XCBuildConfiguration;
			buildSettings = {
				ALWAYS_SEARCH_USER_PATHS = NO;
				ASSETCATALOG_COMPILER_GENERATE_SWIFT_ASSET_SYMBOL_EXTENSIONS = YES;
				CLANG_ANALYZER_NONNULL = YES;
				CLANG_ANALYZER_NUMBER_OBJECT_CONVERSION = YES_AGGRESSIVE;
				CLANG_CXX_LANGUAGE_STANDARD = "gnu++20";
				CLANG_ENABLE_MODULES = YES;
				CLANG_ENABLE_OBJC_ARC = YES;
				CLANG_ENABLE_OBJC_WEAK = YES;
				CLANG_WARN_BLOCK_CAPTURE_AUTORELEASING = YES;
				CLANG_WARN_BOOL_CONVERSION = YES;
				CLANG_WARN_COMMA = YES;
				CLANG_WARN_CONSTANT_CONVERSION = YES;
				CLANG_WARN_DEPRECATED_OBJC_IMPLEMENTATIONS = YES;
				CLANG_WARN_DIRECT_OBJC_ISA_USAGE = YES_ERROR;
				CLANG_WARN_DOCUMENTATION_COMMENTS = YES;
				CLANG_WARN_EMPTY_BODY = YES;
				CLANG_WARN_ENUM_CONVERSION = YES;
				CLANG_WARN_INFINITE_RECURSION = YES;
				CLANG_WARN_INT_CONVERSION = YES;
				CLANG_WARN_NON_LITERAL_NULL_CONVERSION = YES;
				CLANG_WARN_OBJC_IMPLICIT_RETAIN_SELF = YES;
				CLANG_WARN_OBJC_LITERAL_CONVERSION = YES;
				CLANG_WARN_OBJC_ROOT_CLASS = YES_ERROR;
				CLANG_WARN_QUOTED_INCLUDE_IN_FRAMEWORK_HEADER = YES;
				CLANG_WARN_RANGE_LOOP_ANALYSIS = YES;
				CLANG_WARN_STRICT_PROTOTYPES = YES;
				CLANG_WARN_SUSPICIOUS_MOVE = YES;
				CLANG_WARN_UNGUARDED_AVAILABILITY = YES_AGGRESSIVE;
				CLANG_WARN_UNREACHABLE_CODE = YES;
				CLANG_WARN__DUPLICATE_METHOD_MATCH = YES;
				COPY_PHASE_STRIP = NO;
				DEBUG_INFORMATION_FORMAT = "dwarf-with-dsym";
				ENABLE_NS_ASSERTIONS = NO;
				ENABLE_STRICT_OBJC_MSGSEND = YES;
				ENABLE_USER_SCRIPT_SANDBOXING = YES;
				GCC_C_LANGUAGE_STANDARD = gnu17;
				GCC_NO_COMMON_BLOCKS = YES;
				GCC_WARN_64_TO_32_BIT_CONVERSION = YES;
				GCC_WARN_ABOUT_RETURN_TYPE = YES_ERROR;
				GCC_WARN_UNDECLARED_SELECTOR = YES;
				GCC_WARN_UNINITIALIZED_AUTOS = YES_AGGRESSIVE;
				GCC_WARN_UNUSED_FUNCTION = YES;
				GCC_WARN_UNUSED_VARIABLE = YES;
				LOCALIZATION_PREFERS_STRING_CATALOGS = YES;
				MTL_ENABLE_DEBUG_INFO = NO;
				MTL_FAST_MATH = YES;
				SWIFT_COMPILATION_MODE = wholemodule;
			};
			name = Release;
		};
		FD9AAE4A2AE675A600A8A4F2 /* Debug */ = {
			isa = XCBuildConfiguration;
			buildSettings = {
				ASSETCATALOG_COMPILER_APPICON_NAME = AppIcon;
				ASSETCATALOG_COMPILER_GLOBAL_ACCENT_COLOR_NAME = AccentColor;
				CODE_SIGN_ENTITLEMENTS = Capture/Capture.entitlements;
				CODE_SIGN_STYLE = Automatic;
				CURRENT_PROJECT_VERSION = 1;
				DEVELOPMENT_ASSET_PATHS = "\"Capture/Preview Content\"";
				DEVELOPMENT_TEAM = PZ67V2GHY9;
				ENABLE_HARDENED_RUNTIME = YES;
				ENABLE_PREVIEWS = YES;
				GENERATE_INFOPLIST_FILE = YES;
				INFOPLIST_FILE = Capture/Info.plist;
				INFOPLIST_KEY_CFBundleDisplayName = Capture;
				INFOPLIST_KEY_LSApplicationCategoryType = "public.app-category.photography";
				INFOPLIST_KEY_NSCameraUsageDescription = "Capture requires access to your device's camera to allow you to capture photos directly within the app. This access is essential for providing you with a seamless and intuitive photography experience. We do not store or share your media without your explicit consent.";
				INFOPLIST_KEY_NSPhotoLibraryUsageDescription = "Allow Capture to save photos to your photo library. ";
				"INFOPLIST_KEY_UIApplicationSceneManifest_Generation[sdk=iphoneos*]" = YES;
				"INFOPLIST_KEY_UIApplicationSceneManifest_Generation[sdk=iphonesimulator*]" = YES;
				"INFOPLIST_KEY_UIApplicationSupportsIndirectInputEvents[sdk=iphoneos*]" = YES;
				"INFOPLIST_KEY_UIApplicationSupportsIndirectInputEvents[sdk=iphonesimulator*]" = YES;
				"INFOPLIST_KEY_UILaunchScreen_Generation[sdk=iphoneos*]" = YES;
				"INFOPLIST_KEY_UILaunchScreen_Generation[sdk=iphonesimulator*]" = YES;
				"INFOPLIST_KEY_UIStatusBarStyle[sdk=iphoneos*]" = UIStatusBarStyleDefault;
				"INFOPLIST_KEY_UIStatusBarStyle[sdk=iphonesimulator*]" = UIStatusBarStyleDefault;
				INFOPLIST_KEY_UISupportedInterfaceOrientations = UIInterfaceOrientationPortrait;
				IPHONEOS_DEPLOYMENT_TARGET = 17.0;
				LD_RUNPATH_SEARCH_PATHS = "@executable_path/Frameworks";
				"LD_RUNPATH_SEARCH_PATHS[sdk=macosx*]" = "@executable_path/../Frameworks";
				MACOSX_DEPLOYMENT_TARGET = 14.0;
				MARKETING_VERSION = 1.0;
				PRODUCT_BUNDLE_IDENTIFIER = io.compilery.Capture;
				PRODUCT_NAME = "$(TARGET_NAME)";
				SDKROOT = auto;
				SUPPORTED_PLATFORMS = "iphoneos iphonesimulator";
				SUPPORTS_MACCATALYST = NO;
				SWIFT_EMIT_LOC_STRINGS = YES;
				SWIFT_VERSION = 5.0;
				TARGETED_DEVICE_FAMILY = 1;
			};
			name = Debug;
		};
		FD9AAE4B2AE675A600A8A4F2 /* Release */ = {
			isa = XCBuildConfiguration;
			buildSettings = {
				ASSETCATALOG_COMPILER_APPICON_NAME = AppIcon;
				ASSETCATALOG_COMPILER_GLOBAL_ACCENT_COLOR_NAME = AccentColor;
				CODE_SIGN_ENTITLEMENTS = Capture/Capture.entitlements;
				CODE_SIGN_STYLE = Automatic;
				CURRENT_PROJECT_VERSION = 1;
				DEVELOPMENT_ASSET_PATHS = "\"Capture/Preview Content\"";
				DEVELOPMENT_TEAM = PZ67V2GHY9;
				ENABLE_HARDENED_RUNTIME = YES;
				ENABLE_PREVIEWS = YES;
				GENERATE_INFOPLIST_FILE = YES;
				INFOPLIST_FILE = Capture/Info.plist;
				INFOPLIST_KEY_CFBundleDisplayName = Capture;
				INFOPLIST_KEY_LSApplicationCategoryType = "public.app-category.photography";
				INFOPLIST_KEY_NSCameraUsageDescription = "Capture requires access to your device's camera to allow you to capture photos directly within the app. This access is essential for providing you with a seamless and intuitive photography experience. We do not store or share your media without your explicit consent.";
				INFOPLIST_KEY_NSPhotoLibraryUsageDescription = "Allow Capture to save photos to your photo library. ";
				"INFOPLIST_KEY_UIApplicationSceneManifest_Generation[sdk=iphoneos*]" = YES;
				"INFOPLIST_KEY_UIApplicationSceneManifest_Generation[sdk=iphonesimulator*]" = YES;
				"INFOPLIST_KEY_UIApplicationSupportsIndirectInputEvents[sdk=iphoneos*]" = YES;
				"INFOPLIST_KEY_UIApplicationSupportsIndirectInputEvents[sdk=iphonesimulator*]" = YES;
				"INFOPLIST_KEY_UILaunchScreen_Generation[sdk=iphoneos*]" = YES;
				"INFOPLIST_KEY_UILaunchScreen_Generation[sdk=iphonesimulator*]" = YES;
				"INFOPLIST_KEY_UIStatusBarStyle[sdk=iphoneos*]" = UIStatusBarStyleDefault;
				"INFOPLIST_KEY_UIStatusBarStyle[sdk=iphonesimulator*]" = UIStatusBarStyleDefault;
				INFOPLIST_KEY_UISupportedInterfaceOrientations = UIInterfaceOrientationPortrait;
				IPHONEOS_DEPLOYMENT_TARGET = 17.0;
				LD_RUNPATH_SEARCH_PATHS = "@executable_path/Frameworks";
				"LD_RUNPATH_SEARCH_PATHS[sdk=macosx*]" = "@executable_path/../Frameworks";
				MACOSX_DEPLOYMENT_TARGET = 14.0;
				MARKETING_VERSION = 1.0;
				PRODUCT_BUNDLE_IDENTIFIER = io.compilery.Capture;
				PRODUCT_NAME = "$(TARGET_NAME)";
				SDKROOT = auto;
				SUPPORTED_PLATFORMS = "iphoneos iphonesimulator";
				SUPPORTS_MACCATALYST = NO;
				SWIFT_EMIT_LOC_STRINGS = YES;
				SWIFT_VERSION = 5.0;
				TARGETED_DEVICE_FAMILY = 1;
			};
			name = Release;
		};
/* End XCBuildConfiguration section */

/* Begin XCConfigurationList section */
		FD9AAE352AE675A500A8A4F2 /* Build configuration list for PBXProject "Capture" */ = {
			isa = XCConfigurationList;
			buildConfigurations = (
				FD9AAE472AE675A600A8A4F2 /* Debug */,
				FD9AAE482AE675A600A8A4F2 /* Release */,
			);
			defaultConfigurationIsVisible = 0;
			defaultConfigurationName = Release;
		};
		FD9AAE492AE675A600A8A4F2 /* Build configuration list for PBXNativeTarget "Capture" */ = {
			isa = XCConfigurationList;
			buildConfigurations = (
				FD9AAE4A2AE675A600A8A4F2 /* Debug */,
				FD9AAE4B2AE675A600A8A4F2 /* Release */,
			);
			defaultConfigurationIsVisible = 0;
			defaultConfigurationName = Release;
		};
/* End XCConfigurationList section */
	};
	rootObject = FD9AAE322AE675A500A8A4F2 /* Project object */;
}
